Microsoft Visual Studio Solution File, Format Version 12.00
# Visual Studio Version 17
VisualStudioVersion = 17.5.2.0
MinimumVisualStudioVersion = 10.0.40219.1
Project("{FAE04EC0-301F-11D3-BF4B-00C04F79EFBC}") = "My-program", "My-program.csproj", "{B9DC050F-8ADC-9294-CE92-67583C5396F0}"
EndProject
Global
	GlobalSection(SolutionConfigurationPlatforms) = preSolution
		Debug|Any CPU = Debug|Any CPU
		Release|Any CPU = Release|Any CPU
	EndGlobalSection
	GlobalSection(ProjectConfigurationPlatforms) = postSolution
		{B9DC050F-8ADC-9294-CE92-67583C5396F0}.Debug|Any CPU.ActiveCfg = Debug|Any CPU
		{B9DC050F-8ADC-9294-CE92-67583C5396F0}.Debug|Any CPU.Build.0 = Debug|Any CPU
		{B9DC050F-8ADC-9294-CE92-67583C5396F0}.Release|Any CPU.ActiveCfg = Release|Any CPU
		{B9DC050F-8ADC-9294-CE92-67583C5396F0}.Release|Any CPU.Build.0 = Release|Any CPU
	EndGlobalSection
	GlobalSection(SolutionProperties) = preSolution
		HideSolutionNode = FALSE
	EndGlobalSection
	GlobalSection(ExtensibilityGlobals) = postSolution
		SolutionGuid = {A47DCEB3-D026-4978-B637-9D7803E89C4E}
	EndGlobalSection
EndGlobal
